# THIS IS AN AUTOGENERATED FILE. DO NOT EDIT THIS FILE DIRECTLY.
# yarn lockfile v1


"@types/aws-lambda@^8.10.92":
  version "8.10.104"
  resolved "https://registry.yarnpkg.com/@types/aws-lambda/-/aws-lambda-8.10.104.tgz#01ec1d55a08bdf1201150d9ecae39ff7cca9ff4a"
  integrity sha512-HXZJH8aBa06re9NCtFudOr21izYZycgXIVjd8vFBSNSf6Ca4GYD77TfKqwYgcDqv4olqj5KK+Ks7Xi5IXFbNGA==

uuid@^9.0.0:
  version "9.0.0"
  resolved "https://registry.yarnpkg.com/uuid/-/uuid-9.0.0.tgz#592f550650024a38ceb0c562f2f6aa435761efb5"
  integrity sha512-MXcSTerfPa4uqyzStbRoTgt5XIe3x5+42+q1sDuy3R5MDk66URdLMOZe5aPX/SQd+kuYAh0FdP/pO28IkQyTeg==
